
Microsoft Visual Studio Solution File, Format Version 12.00
Project("{2150E333-8FDC-42A3-9474-1A3956D46DE8}") = "docs", "docs", "{71ADAD97-FE74-4DE8-AB67-E83483C0AC6F}"
	ProjectSection(SolutionItems) = preProject
		..\README.md = ..\README.md
		..\.github\workflows\release.yml = ..\.github\workflows\release.yml
		..\.github\workflows\store-publish.yml = ..\.github\workflows\store-publish.yml
		..\publish.ps1 = ..\publish.ps1
		..\docs\papers\bk-fan-out-aware-coordinate-assignment.md = ..\docs\papers\bk-fan-out-aware-coordinate-assignment.md
	EndProjectSection
EndProject
Project("{FAE04EC0-301F-11D3-BF4B-00C04F79EFBC}") = "MarkdownViewer", "..\MarkdownViewer\MarkdownViewer.csproj", "{71425109-E745-4C91-B495-477691F60B53}"
EndProject
Project("{FAE04EC0-301F-11D3-BF4B-00C04F79EFBC}") = "MarkdownViewer.Full", "..\MarkdownViewer.Full\MarkdownViewer.Full.csproj", "{1637CC8F-25C2-4F2E-AC94-87FBAE795691}"
EndProject
Project("{FAE04EC0-301F-11D3-BF4B-00C04F79EFBC}") = "Naiad", "..\Naiad\src\Naiad\Naiad.csproj", "{F2411706-A687-47BC-9436-8401D74CA69F}"
EndProject
Project("{FAE04EC0-301F-11D3-BF4B-00C04F79EFBC}") = "Mostlylucid.ImageSharp.Svg", "..\Mostlylucid.ImageSharp.Svg\Mostlylucid.ImageSharp.Svg.csproj", "{A1A90530-3990-445E-96A7-82954CA7790E}"
EndProject
Project("{FAE04EC0-301F-11D3-BF4B-00C04F79EFBC}") = "MarkdownViewer.Full.Tests", "..\MarkdownViewer.Full.Tests\MarkdownViewer.Full.Tests.csproj", "{315AC9F9-E58E-464F-AB5C-27E6AF7AE5CA}"
EndProject
Project("{FAE04EC0-301F-11D3-BF4B-00C04F79EFBC}") = "LucidReader", "..\LucidReader\LucidReader.csproj", "{0DE76235-45DB-45E0-8CB2-38896CC1D4A3}"
EndProject
Project("{FAE04EC0-301F-11D3-BF4B-00C04F79EFBC}") = "LucidReader.Core", "..\LucidReader.Core\LucidReader.Core.csproj", "{30B1DE2B-D46E-41C5-9823-177C6D33D299}"
EndProject
Project("{FAE04EC0-301F-11D3-BF4B-00C04F79EFBC}") = "Mostlylucid.LucidView.Content", "..\Mostlylucid.LucidView.Content\Mostlylucid.LucidView.Content.csproj", "{51DB3268-6D6D-4833-BBE8-88FCD57E3331}"
EndProject
Project("{FAE04EC0-301F-11D3-BF4B-00C04F79EFBC}") = "Mostlylucid.LucidView.Markdown", "..\Mostlylucid.LucidView.Markdown\Mostlylucid.LucidView.Markdown.csproj", "{3FDCA291-0ECC-47D5-A1E7-DBA9DA72CC0E}"
EndProject
Project("{FAE04EC0-301F-11D3-BF4B-00C04F79EFBC}") = "LiveMarkdown.Avalonia", "..\external\LiveMarkdown.Avalonia\src\LiveMarkdown.Avalonia\LiveMarkdown.Avalonia.csproj", "{04698378-5A66-4091-9EB1-7B044EA0309B}"
EndProject
Project("{FAE04EC0-301F-11D3-BF4B-00C04F79EFBC}") = "Mostlylucid.LucidView.Shell", "..\Mostlylucid.LucidView.Shell\Mostlylucid.LucidView.Shell.csproj", "{494629F9-F8CA-4D85-880D-C78DB9E29EDC}"
EndProject
Project("{FAE04EC0-301F-11D3-BF4B-00C04F79EFBC}") = "LucidReader.Core.Tests", "..\LucidReader.Core.Tests\LucidReader.Core.Tests.csproj", "{E461D0AB-FAC4-40C3-88FF-9AF92C379A79}"
EndProject
Global
	GlobalSection(SolutionConfigurationPlatforms) = preSolution
		Debug|Any CPU = Debug|Any CPU
		Debug|x64 = Debug|x64
		Debug|x86 = Debug|x86
		Release|Any CPU = Release|Any CPU
		Release|x64 = Release|x64
		Release|x86 = Release|x86
	EndGlobalSection
	GlobalSection(ProjectConfigurationPlatforms) = postSolution
		{71425109-E745-4C91-B495-477691F60B53}.Debug|Any CPU.ActiveCfg = Debug|Any CPU
		{71425109-E745-4C91-B495-477691F60B53}.Debug|Any CPU.Build.0 = Debug|Any CPU
		{71425109-E745-4C91-B495-477691F60B53}.Debug|x64.ActiveCfg = Debug|Any CPU
		{71425109-E745-4C91-B495-477691F60B53}.Debug|x64.Build.0 = Debug|Any CPU
		{71425109-E745-4C91-B495-477691F60B53}.Debug|x86.ActiveCfg = Debug|Any CPU
		{71425109-E745-4C91-B495-477691F60B53}.Debug|x86.Build.0 = Debug|Any CPU
		{71425109-E745-4C91-B495-477691F60B53}.Release|Any CPU.ActiveCfg = Release|Any CPU
		{71425109-E745-4C91-B495-477691F60B53}.Release|Any CPU.Build.0 = Release|Any CPU
		{71425109-E745-4C91-B495-477691F60B53}.Release|x64.ActiveCfg = Release|Any CPU
		{71425109-E745-4C91-B495-477691F60B53}.Release|x64.Build.0 = Release|Any CPU
		{71425109-E745-4C91-B495-477691F60B53}.Release|x86.ActiveCfg = Release|Any CPU
		{71425109-E745-4C91-B495-477691F60B53}.Release|x86.Build.0 = Release|Any CPU
		{1637CC8F-25C2-4F2E-AC94-87FBAE795691}.Debug|Any CPU.ActiveCfg = Debug|Any CPU
		{1637CC8F-25C2-4F2E-AC94-87FBAE795691}.Debug|Any CPU.Build.0 = Debug|Any CPU
		{1637CC8F-25C2-4F2E-AC94-87FBAE795691}.Debug|x64.ActiveCfg = Debug|Any CPU
		{1637CC8F-25C2-4F2E-AC94-87FBAE795691}.Debug|x64.Build.0 = Debug|Any CPU
		{1637CC8F-25C2-4F2E-AC94-87FBAE795691}.Debug|x86.ActiveCfg = Debug|Any CPU
		{1637CC8F-25C2-4F2E-AC94-87FBAE795691}.Debug|x86.Build.0 = Debug|Any CPU
		{1637CC8F-25C2-4F2E-AC94-87FBAE795691}.Release|Any CPU.ActiveCfg = Release|Any CPU
		{1637CC8F-25C2-4F2E-AC94-87FBAE795691}.Release|Any CPU.Build.0 = Release|Any CPU
		{1637CC8F-25C2-4F2E-AC94-87FBAE795691}.Release|x64.ActiveCfg = Release|Any CPU
		{1637CC8F-25C2-4F2E-AC94-87FBAE795691}.Release|x64.Build.0 = Release|Any CPU
		{1637CC8F-25C2-4F2E-AC94-87FBAE795691}.Release|x86.ActiveCfg = Release|Any CPU
		{1637CC8F-25C2-4F2E-AC94-87FBAE795691}.Release|x86.Build.0 = Release|Any CPU
		{F2411706-A687-47BC-9436-8401D74CA69F}.Debug|Any CPU.ActiveCfg = Debug|Any CPU
		{F2411706-A687-47BC-9436-8401D74CA69F}.Debug|Any CPU.Build.0 = Debug|Any CPU
		{F2411706-A687-47BC-9436-8401D74CA69F}.Debug|x64.ActiveCfg = Debug|Any CPU
		{F2411706-A687-47BC-9436-8401D74CA69F}.Debug|x64.Build.0 = Debug|Any CPU
		{F2411706-A687-47BC-9436-8401D74CA69F}.Debug|x86.ActiveCfg = Debug|Any CPU
		{F2411706-A687-47BC-9436-8401D74CA69F}.Debug|x86.Build.0 = Debug|Any CPU
		{F2411706-A687-47BC-9436-8401D74CA69F}.Release|Any CPU.ActiveCfg = Release|Any CPU
		{F2411706-A687-47BC-9436-8401D74CA69F}.Release|Any CPU.Build.0 = Release|Any CPU
		{F2411706-A687-47BC-9436-8401D74CA69F}.Release|x64.ActiveCfg = Release|Any CPU
		{F2411706-A687-47BC-9436-8401D74CA69F}.Release|x64.Build.0 = Release|Any CPU
		{F2411706-A687-47BC-9436-8401D74CA69F}.Release|x86.ActiveCfg = Release|Any CPU
		{F2411706-A687-47BC-9436-8401D74CA69F}.Release|x86.Build.0 = Release|Any CPU
		{A1A90530-3990-445E-96A7-82954CA7790E}.Debug|Any CPU.ActiveCfg = Debug|Any CPU
		{A1A90530-3990-445E-96A7-82954CA7790E}.Debug|Any CPU.Build.0 = Debug|Any CPU
		{A1A90530-3990-445E-96A7-82954CA7790E}.Debug|x64.ActiveCfg = Debug|Any CPU
		{A1A90530-3990-445E-96A7-82954CA7790E}.Debug|x64.Build.0 = Debug|Any CPU
		{A1A90530-3990-445E-96A7-82954CA7790E}.Debug|x86.ActiveCfg = Debug|Any CPU
		{A1A90530-3990-445E-96A7-82954CA7790E}.Debug|x86.Build.0 = Debug|Any CPU
		{A1A90530-3990-445E-96A7-82954CA7790E}.Release|Any CPU.ActiveCfg = Release|Any CPU
		{A1A90530-3990-445E-96A7-82954CA7790E}.Release|Any CPU.Build.0 = Release|Any CPU
		{A1A90530-3990-445E-96A7-82954CA7790E}.Release|x64.ActiveCfg = Release|Any CPU
		{A1A90530-3990-445E-96A7-82954CA7790E}.Release|x64.Build.0 = Release|Any CPU
		{A1A90530-3990-445E-96A7-82954CA7790E}.Release|x86.ActiveCfg = Release|Any CPU
		{A1A90530-3990-445E-96A7-82954CA7790E}.Release|x86.Build.0 = Release|Any CPU
		{315AC9F9-E58E-464F-AB5C-27E6AF7AE5CA}.Debug|Any CPU.ActiveCfg = Debug|Any CPU
		{315AC9F9-E58E-464F-AB5C-27E6AF7AE5CA}.Debug|Any CPU.Build.0 = Debug|Any CPU
		{315AC9F9-E58E-464F-AB5C-27E6AF7AE5CA}.Debug|x64.ActiveCfg = Debug|Any CPU
		{315AC9F9-E58E-464F-AB5C-27E6AF7AE5CA}.Debug|x64.Build.0 = Debug|Any CPU
		{315AC9F9-E58E-464F-AB5C-27E6AF7AE5CA}.Debug|x86.ActiveCfg = Debug|Any CPU
		{315AC9F9-E58E-464F-AB5C-27E6AF7AE5CA}.Debug|x86.Build.0 = Debug|Any CPU
		{315AC9F9-E58E-464F-AB5C-27E6AF7AE5CA}.Release|Any CPU.ActiveCfg = Release|Any CPU
		{315AC9F9-E58E-464F-AB5C-27E6AF7AE5CA}.Release|Any CPU.Build.0 = Release|Any CPU
		{315AC9F9-E58E-464F-AB5C-27E6AF7AE5CA}.Release|x64.ActiveCfg = Release|Any CPU
		{315AC9F9-E58E-464F-AB5C-27E6AF7AE5CA}.Release|x64.Build.0 = Release|Any CPU
		{315AC9F9-E58E-464F-AB5C-27E6AF7AE5CA}.Release|x86.ActiveCfg = Release|Any CPU
		{315AC9F9-E58E-464F-AB5C-27E6AF7AE5CA}.Release|x86.Build.0 = Release|Any CPU
		{0DE76235-45DB-45E0-8CB2-38896CC1D4A3}.Debug|Any CPU.ActiveCfg = Debug|Any CPU
		{0DE76235-45DB-45E0-8CB2-38896CC1D4A3}.Debug|Any CPU.Build.0 = Debug|Any CPU
		{0DE76235-45DB-45E0-8CB2-38896CC1D4A3}.Debug|x64.ActiveCfg = Debug|Any CPU
		{0DE76235-45DB-45E0-8CB2-38896CC1D4A3}.Debug|x64.Build.0 = Debug|Any CPU
		{0DE76235-45DB-45E0-8CB2-38896CC1D4A3}.Debug|x86.ActiveCfg = Debug|Any CPU
		{0DE76235-45DB-45E0-8CB2-38896CC1D4A3}.Debug|x86.Build.0 = Debug|Any CPU
		{0DE76235-45DB-45E0-8CB2-38896CC1D4A3}.Release|Any CPU.ActiveCfg = Release|Any CPU
		{0DE76235-45DB-45E0-8CB2-38896CC1D4A3}.Release|Any CPU.Build.0 = Release|Any CPU
		{0DE76235-45DB-45E0-8CB2-38896CC1D4A3}.Release|x64.ActiveCfg = Release|Any CPU
		{0DE76235-45DB-45E0-8CB2-38896CC1D4A3}.Release|x64.Build.0 = Release|Any CPU
		{0DE76235-45DB-45E0-8CB2-38896CC1D4A3}.Release|x86.ActiveCfg = Release|Any CPU
		{0DE76235-45DB-45E0-8CB2-38896CC1D4A3}.Release|x86.Build.0 = Release|Any CPU
		{30B1DE2B-D46E-41C5-9823-177C6D33D299}.Debug|Any CPU.ActiveCfg = Debug|Any CPU
		{30B1DE2B-D46E-41C5-9823-177C6D33D299}.Debug|Any CPU.Build.0 = Debug|Any CPU
		{30B1DE2B-D46E-41C5-9823-177C6D33D299}.Debug|x64.ActiveCfg = Debug|Any CPU
		{30B1DE2B-D46E-41C5-9823-177C6D33D299}.Debug|x64.Build.0 = Debug|Any CPU
		{30B1DE2B-D46E-41C5-9823-177C6D33D299}.Debug|x86.ActiveCfg = Debug|Any CPU
		{30B1DE2B-D46E-41C5-9823-177C6D33D299}.Debug|x86.Build.0 = Debug|Any CPU
		{30B1DE2B-D46E-41C5-9823-177C6D33D299}.Release|Any CPU.ActiveCfg = Release|Any CPU
		{30B1DE2B-D46E-41C5-9823-177C6D33D299}.Release|Any CPU.Build.0 = Release|Any CPU
		{30B1DE2B-D46E-41C5-9823-177C6D33D299}.Release|x64.ActiveCfg = Release|Any CPU
		{30B1DE2B-D46E-41C5-9823-177C6D33D299}.Release|x64.Build.0 = Release|Any CPU
		{30B1DE2B-D46E-41C5-9823-177C6D33D299}.Release|x86.ActiveCfg = Release|Any CPU
		{30B1DE2B-D46E-41C5-9823-177C6D33D299}.Release|x86.Build.0 = Release|Any CPU
		{51DB3268-6D6D-4833-BBE8-88FCD57E3331}.Debug|Any CPU.ActiveCfg = Debug|Any CPU
		{51DB3268-6D6D-4833-BBE8-88FCD57E3331}.Debug|Any CPU.Build.0 = Debug|Any CPU
		{51DB3268-6D6D-4833-BBE8-88FCD57E3331}.Debug|x64.ActiveCfg = Debug|Any CPU
		{51DB3268-6D6D-4833-BBE8-88FCD57E3331}.Debug|x64.Build.0 = Debug|Any CPU
		{51DB3268-6D6D-4833-BBE8-88FCD57E3331}.Debug|x86.ActiveCfg = Debug|Any CPU
		{51DB3268-6D6D-4833-BBE8-88FCD57E3331}.Debug|x86.Build.0 = Debug|Any CPU
		{51DB3268-6D6D-4833-BBE8-88FCD57E3331}.Release|Any CPU.ActiveCfg = Release|Any CPU
		{51DB3268-6D6D-4833-BBE8-88FCD57E3331}.Release|Any CPU.Build.0 = Release|Any CPU
		{51DB3268-6D6D-4833-BBE8-88FCD57E3331}.Release|x64.ActiveCfg = Release|Any CPU
		{51DB3268-6D6D-4833-BBE8-88FCD57E3331}.Release|x64.Build.0 = Release|Any CPU
		{51DB3268-6D6D-4833-BBE8-88FCD57E3331}.Release|x86.ActiveCfg = Release|Any CPU
		{51DB3268-6D6D-4833-BBE8-88FCD57E3331}.Release|x86.Build.0 = Release|Any CPU
		{3FDCA291-0ECC-47D5-A1E7-DBA9DA72CC0E}.Debug|Any CPU.ActiveCfg = Debug|Any CPU
		{3FDCA291-0ECC-47D5-A1E7-DBA9DA72CC0E}.Debug|Any CPU.Build.0 = Debug|Any CPU
		{3FDCA291-0ECC-47D5-A1E7-DBA9DA72CC0E}.Debug|x64.ActiveCfg = Debug|Any CPU
		{3FDCA291-0ECC-47D5-A1E7-DBA9DA72CC0E}.Debug|x64.Build.0 = Debug|Any CPU
		{3FDCA291-0ECC-47D5-A1E7-DBA9DA72CC0E}.Debug|x86.ActiveCfg = Debug|Any CPU
		{3FDCA291-0ECC-47D5-A1E7-DBA9DA72CC0E}.Debug|x86.Build.0 = Debug|Any CPU
		{3FDCA291-0ECC-47D5-A1E7-DBA9DA72CC0E}.Release|Any CPU.ActiveCfg = Release|Any CPU
		{3FDCA291-0ECC-47D5-A1E7-DBA9DA72CC0E}.Release|Any CPU.Build.0 = Release|Any CPU
		{3FDCA291-0ECC-47D5-A1E7-DBA9DA72CC0E}.Release|x64.ActiveCfg = Release|Any CPU
		{3FDCA291-0ECC-47D5-A1E7-DBA9DA72CC0E}.Release|x64.Build.0 = Release|Any CPU
		{3FDCA291-0ECC-47D5-A1E7-DBA9DA72CC0E}.Release|x86.ActiveCfg = Release|Any CPU
		{3FDCA291-0ECC-47D5-A1E7-DBA9DA72CC0E}.Release|x86.Build.0 = Release|Any CPU
		{04698378-5A66-4091-9EB1-7B044EA0309B}.Debug|Any CPU.ActiveCfg = Debug|Any CPU
		{04698378-5A66-4091-9EB1-7B044EA0309B}.Debug|Any CPU.Build.0 = Debug|Any CPU
		{04698378-5A66-4091-9EB1-7B044EA0309B}.Debug|x64.ActiveCfg = Debug|Any CPU
		{04698378-5A66-4091-9EB1-7B044EA0309B}.Debug|x64.Build.0 = Debug|Any CPU
		{04698378-5A66-4091-9EB1-7B044EA0309B}.Debug|x86.ActiveCfg = Debug|Any CPU
		{04698378-5A66-4091-9EB1-7B044EA0309B}.Debug|x86.Build.0 = Debug|Any CPU
		{04698378-5A66-4091-9EB1-7B044EA0309B}.Release|Any CPU.ActiveCfg = Release|Any CPU
		{04698378-5A66-4091-9EB1-7B044EA0309B}.Release|Any CPU.Build.0 = Release|Any CPU
		{04698378-5A66-4091-9EB1-7B044EA0309B}.Release|x64.ActiveCfg = Release|Any CPU
		{04698378-5A66-4091-9EB1-7B044EA0309B}.Release|x64.Build.0 = Release|Any CPU
		{04698378-5A66-4091-9EB1-7B044EA0309B}.Release|x86.ActiveCfg = Release|Any CPU
		{04698378-5A66-4091-9EB1-7B044EA0309B}.Release|x86.Build.0 = Release|Any CPU
		{494629F9-F8CA-4D85-880D-C78DB9E29EDC}.Debug|Any CPU.ActiveCfg = Debug|Any CPU
		{494629F9-F8CA-4D85-880D-C78DB9E29EDC}.Debug|Any CPU.Build.0 = Debug|Any CPU
		{494629F9-F8CA-4D85-880D-C78DB9E29EDC}.Debug|x64.ActiveCfg = Debug|Any CPU
		{494629F9-F8CA-4D85-880D-C78DB9E29EDC}.Debug|x64.Build.0 = Debug|Any CPU
		{494629F9-F8CA-4D85-880D-C78DB9E29EDC}.Debug|x86.ActiveCfg = Debug|Any CPU
		{494629F9-F8CA-4D85-880D-C78DB9E29EDC}.Debug|x86.Build.0 = Debug|Any CPU
		{494629F9-F8CA-4D85-880D-C78DB9E29EDC}.Release|Any CPU.ActiveCfg = Release|Any CPU
		{494629F9-F8CA-4D85-880D-C78DB9E29EDC}.Release|Any CPU.Build.0 = Release|Any CPU
		{494629F9-F8CA-4D85-880D-C78DB9E29EDC}.Release|x64.ActiveCfg = Release|Any CPU
		{494629F9-F8CA-4D85-880D-C78DB9E29EDC}.Release|x64.Build.0 = Release|Any CPU
		{494629F9-F8CA-4D85-880D-C78DB9E29EDC}.Release|x86.ActiveCfg = Release|Any CPU
		{494629F9-F8CA-4D85-880D-C78DB9E29EDC}.Release|x86.Build.0 = Release|Any CPU
		{E461D0AB-FAC4-40C3-88FF-9AF92C379A79}.Debug|Any CPU.ActiveCfg = Debug|Any CPU
		{E461D0AB-FAC4-40C3-88FF-9AF92C379A79}.Debug|Any CPU.Build.0 = Debug|Any CPU
		{E461D0AB-FAC4-40C3-88FF-9AF92C379A79}.Debug|x64.ActiveCfg = Debug|Any CPU
		{E461D0AB-FAC4-40C3-88FF-9AF92C379A79}.Debug|x64.Build.0 = Debug|Any CPU
		{E461D0AB-FAC4-40C3-88FF-9AF92C379A79}.Debug|x86.ActiveCfg = Debug|Any CPU
		{E461D0AB-FAC4-40C3-88FF-9AF92C379A79}.Debug|x86.Build.0 = Debug|Any CPU
		{E461D0AB-FAC4-40C3-88FF-9AF92C379A79}.Release|Any CPU.ActiveCfg = Release|Any CPU
		{E461D0AB-FAC4-40C3-88FF-9AF92C379A79}.Release|Any CPU.Build.0 = Release|Any CPU
		{E461D0AB-FAC4-40C3-88FF-9AF92C379A79}.Release|x64.ActiveCfg = Release|Any CPU
		{E461D0AB-FAC4-40C3-88FF-9AF92C379A79}.Release|x64.Build.0 = Release|Any CPU
		{E461D0AB-FAC4-40C3-88FF-9AF92C379A79}.Release|x86.ActiveCfg = Release|Any CPU
		{E461D0AB-FAC4-40C3-88FF-9AF92C379A79}.Release|x86.Build.0 = Release|Any CPU
	EndGlobalSection
	GlobalSection(SolutionProperties) = preSolution
		HideSolutionNode = FALSE
	EndGlobalSection
EndGlobal
