
Microsoft Visual Studio Solution File, Format Version 12.00
Project("{2150E333-8FDC-42A3-9474-1A3956D46DE8}") = "docs", "docs", "{71ADAD97-FE74-4DE8-AB67-E83483C0AC6F}"
	ProjectSection(SolutionItems) = preProject
		..\README.md = ..\README.md
		..\.github\workflows\release.yml = ..\.github\workflows\release.yml
		..\.github\workflows\store-publish.yml = ..\.github\workflows\store-publish.yml
		..\publish.ps1 = ..\publish.ps1
		..\docs\papers\bk-fan-out-aware-coordinate-assignment.md = ..\docs\papers\bk-fan-out-aware-coordinate-assignment.md
	EndProjectSection
EndProject
Project("{FAE04EC0-301F-11D3-BF4B-00C04F79EFBC}") = "MarkdownViewer", "..\MarkdownViewer\MarkdownViewer.csproj", "{71425109-E745-4C91-B495-477691F60B53}"
EndProject
Project("{FAE04EC0-301F-11D3-BF4B-00C04F79EFBC}") = "MarkdownViewer.Full", "..\MarkdownViewer.Full\MarkdownViewer.Full.csproj", "{1637CC8F-25C2-4F2E-AC94-87FBAE795691}"
EndProject
Project("{FAE04EC0-301F-11D3-BF4B-00C04F79EFBC}") = "Naiad", "..\Naiad\src\Naiad\Naiad.csproj", "{F2411706-A687-47BC-9436-8401D74CA69F}"
EndProject
Project("{FAE04EC0-301F-11D3-BF4B-00C04F79EFBC}") = "Mostlylucid.ImageSharp.Svg", "..\Mostlylucid.ImageSharp.Svg\Mostlylucid.ImageSharp.Svg.csproj", "{A1A90530-3990-445E-96A7-82954CA7790E}"
EndProject
Global
	GlobalSection(SolutionConfigurationPlatforms) = preSolution
		Debug|Any CPU = Debug|Any CPU
		Debug|x64 = Debug|x64
		Debug|x86 = Debug|x86
		Release|Any CPU = Release|Any CPU
		Release|x64 = Release|x64
		Release|x86 = Release|x86
	EndGlobalSection
	GlobalSection(ProjectConfigurationPlatforms) = postSolution
		{71425109-E745-4C91-B495-477691F60B53}.Debug|Any CPU.ActiveCfg = Debug|Any CPU
		{71425109-E745-4C91-B495-477691F60B53}.Debug|Any CPU.Build.0 = Debug|Any CPU
		{71425109-E745-4C91-B495-477691F60B53}.Debug|x64.ActiveCfg = Debug|Any CPU
		{71425109-E745-4C91-B495-477691F60B53}.Debug|x64.Build.0 = Debug|Any CPU
		{71425109-E745-4C91-B495-477691F60B53}.Debug|x86.ActiveCfg = Debug|Any CPU
		{71425109-E745-4C91-B495-477691F60B53}.Debug|x86.Build.0 = Debug|Any CPU
		{71425109-E745-4C91-B495-477691F60B53}.Release|Any CPU.ActiveCfg = Release|Any CPU
		{71425109-E745-4C91-B495-477691F60B53}.Release|Any CPU.Build.0 = Release|Any CPU
		{71425109-E745-4C91-B495-477691F60B53}.Release|x64.ActiveCfg = Release|Any CPU
		{71425109-E745-4C91-B495-477691F60B53}.Release|x64.Build.0 = Release|Any CPU
		{71425109-E745-4C91-B495-477691F60B53}.Release|x86.ActiveCfg = Release|Any CPU
		{71425109-E745-4C91-B495-477691F60B53}.Release|x86.Build.0 = Release|Any CPU
		{1637CC8F-25C2-4F2E-AC94-87FBAE795691}.Debug|Any CPU.ActiveCfg = Debug|Any CPU
		{1637CC8F-25C2-4F2E-AC94-87FBAE795691}.Debug|Any CPU.Build.0 = Debug|Any CPU
		{1637CC8F-25C2-4F2E-AC94-87FBAE795691}.Debug|x64.ActiveCfg = Debug|Any CPU
		{1637CC8F-25C2-4F2E-AC94-87FBAE795691}.Debug|x64.Build.0 = Debug|Any CPU
		{1637CC8F-25C2-4F2E-AC94-87FBAE795691}.Debug|x86.ActiveCfg = Debug|Any CPU
		{1637CC8F-25C2-4F2E-AC94-87FBAE795691}.Debug|x86.Build.0 = Debug|Any CPU
		{1637CC8F-25C2-4F2E-AC94-87FBAE795691}.Release|Any CPU.ActiveCfg = Release|Any CPU
		{1637CC8F-25C2-4F2E-AC94-87FBAE795691}.Release|Any CPU.Build.0 = Release|Any CPU
		{1637CC8F-25C2-4F2E-AC94-87FBAE795691}.Release|x64.ActiveCfg = Release|Any CPU
		{1637CC8F-25C2-4F2E-AC94-87FBAE795691}.Release|x64.Build.0 = Release|Any CPU
		{1637CC8F-25C2-4F2E-AC94-87FBAE795691}.Release|x86.ActiveCfg = Release|Any CPU
		{1637CC8F-25C2-4F2E-AC94-87FBAE795691}.Release|x86.Build.0 = Release|Any CPU
		{F2411706-A687-47BC-9436-8401D74CA69F}.Debug|Any CPU.ActiveCfg = Debug|Any CPU
		{F2411706-A687-47BC-9436-8401D74CA69F}.Debug|Any CPU.Build.0 = Debug|Any CPU
		{F2411706-A687-47BC-9436-8401D74CA69F}.Debug|x64.ActiveCfg = Debug|Any CPU
		{F2411706-A687-47BC-9436-8401D74CA69F}.Debug|x64.Build.0 = Debug|Any CPU
		{F2411706-A687-47BC-9436-8401D74CA69F}.Debug|x86.ActiveCfg = Debug|Any CPU
		{F2411706-A687-47BC-9436-8401D74CA69F}.Debug|x86.Build.0 = Debug|Any CPU
		{F2411706-A687-47BC-9436-8401D74CA69F}.Release|Any CPU.ActiveCfg = Release|Any CPU
		{F2411706-A687-47BC-9436-8401D74CA69F}.Release|Any CPU.Build.0 = Release|Any CPU
		{F2411706-A687-47BC-9436-8401D74CA69F}.Release|x64.ActiveCfg = Release|Any CPU
		{F2411706-A687-47BC-9436-8401D74CA69F}.Release|x64.Build.0 = Release|Any CPU
		{F2411706-A687-47BC-9436-8401D74CA69F}.Release|x86.ActiveCfg = Release|Any CPU
		{F2411706-A687-47BC-9436-8401D74CA69F}.Release|x86.Build.0 = Release|Any CPU
		{A1A90530-3990-445E-96A7-82954CA7790E}.Debug|Any CPU.ActiveCfg = Debug|Any CPU
		{A1A90530-3990-445E-96A7-82954CA7790E}.Debug|Any CPU.Build.0 = Debug|Any CPU
		{A1A90530-3990-445E-96A7-82954CA7790E}.Debug|x64.ActiveCfg = Debug|Any CPU
		{A1A90530-3990-445E-96A7-82954CA7790E}.Debug|x64.Build.0 = Debug|Any CPU
		{A1A90530-3990-445E-96A7-82954CA7790E}.Debug|x86.ActiveCfg = Debug|Any CPU
		{A1A90530-3990-445E-96A7-82954CA7790E}.Debug|x86.Build.0 = Debug|Any CPU
		{A1A90530-3990-445E-96A7-82954CA7790E}.Release|Any CPU.ActiveCfg = Release|Any CPU
		{A1A90530-3990-445E-96A7-82954CA7790E}.Release|Any CPU.Build.0 = Release|Any CPU
		{A1A90530-3990-445E-96A7-82954CA7790E}.Release|x64.ActiveCfg = Release|Any CPU
		{A1A90530-3990-445E-96A7-82954CA7790E}.Release|x64.Build.0 = Release|Any CPU
		{A1A90530-3990-445E-96A7-82954CA7790E}.Release|x86.ActiveCfg = Release|Any CPU
		{A1A90530-3990-445E-96A7-82954CA7790E}.Release|x86.Build.0 = Release|Any CPU
	EndGlobalSection
	GlobalSection(SolutionProperties) = preSolution
		HideSolutionNode = FALSE
	EndGlobalSection
EndGlobal
